
Microsoft Visual Studio Solution File, Format Version 12.00
# Visual Studio 2013
VisualStudioVersion = 12.0.40629.0
MinimumVisualStudioVersion = 10.0.40219.1
Project("{2150E333-8FDC-42A3-9474-1A3956D46DE8}") = "Infrastructure", "Infrastructure", "{0937D8B8-8242-438B-A473-BC135CE9B78D}"
EndProject
Project("{2150E333-8FDC-42A3-9474-1A3956D46DE8}") = "Repository", "Repository", "{CA8E50CE-601C-4A17-BB6F-FF311DD42E90}"
EndProject
Project("{2150E333-8FDC-42A3-9474-1A3956D46DE8}") = "Service", "Service", "{7BD718C3-A0C1-47AB-8083-7410445D4471}"
EndProject
Project("{2150E333-8FDC-42A3-9474-1A3956D46DE8}") = "UI", "UI", "{4E13A715-A751-416A-8CF0-A43E20BF1D5A}"
EndProject
Project("{FAE04EC0-301F-11D3-BF4B-00C04F79EFBC}") = "My.RentingSystem.WebApp", "My.RentingSystem.WebApp\My.RentingSystem.WebApp.csproj", "{99007CC2-F462-4ABB-9720-A07F92137FF2}"
EndProject
Project("{FAE04EC0-301F-11D3-BF4B-00C04F79EFBC}") = "My.RentingSystem.IBLL", "My.RentingSystem.IBLL\My.RentingSystem.IBLL.csproj", "{DC29D784-719B-4D2E-9E8C-9EEBEF3E7584}"
EndProject
Project("{FAE04EC0-301F-11D3-BF4B-00C04F79EFBC}") = "My.RentingSystem.BLL", "My.RentingSystem.BLL\My.RentingSystem.BLL.csproj", "{E6DE4CB5-ECBB-4194-858E-A1E586FE8C37}"
EndProject
Project("{FAE04EC0-301F-11D3-BF4B-00C04F79EFBC}") = "My.RentingSystem.IDAL", "My.RentingSystem.IDAL\My.RentingSystem.IDAL.csproj", "{7CAEE469-4B51-4642-9B2D-42E1CDB99CA1}"
EndProject
Project("{FAE04EC0-301F-11D3-BF4B-00C04F79EFBC}") = "My.RentingSystem.DAL", "My.RentingSystem.DAL\My.RentingSystem.DAL.csproj", "{0F5C860D-15F2-4FE7-AF97-B98E7DDFB903}"
EndProject
Project("{FAE04EC0-301F-11D3-BF4B-00C04F79EFBC}") = "My.RentingSystem.DALSessionFactory", "My.RentingSystem.DALSessionFactory\My.RentingSystem.DALSessionFactory.csproj", "{52E592A2-BD27-44C3-AA4C-8638CE24BFC4}"
EndProject
Project("{FAE04EC0-301F-11D3-BF4B-00C04F79EFBC}") = "My.RentingSystem.Common", "My.RentingSystem.Common\My.RentingSystem.Common.csproj", "{1EA55F01-28F6-4C02-ACFE-4687C2B792C4}"
EndProject
Project("{FAE04EC0-301F-11D3-BF4B-00C04F79EFBC}") = "My.RentingSystem.Model", "My.RentingSystem.Model\My.RentingSystem.Model.csproj", "{0F38DCA1-284B-4463-B8BA-765519BA3186}"
EndProject
Project("{FAE04EC0-301F-11D3-BF4B-00C04F79EFBC}") = "My.RentingSystem.Ioc", "My.RentingSystem.Ioc\My.RentingSystem.Ioc.csproj", "{EE117409-025D-406C-A532-EC18C34431DD}"
EndProject
Global
	GlobalSection(SolutionConfigurationPlatforms) = preSolution
		Debug|Any CPU = Debug|Any CPU
		Release|Any CPU = Release|Any CPU
	EndGlobalSection
	GlobalSection(ProjectConfigurationPlatforms) = postSolution
		{99007CC2-F462-4ABB-9720-A07F92137FF2}.Debug|Any CPU.ActiveCfg = Debug|Any CPU
		{99007CC2-F462-4ABB-9720-A07F92137FF2}.Debug|Any CPU.Build.0 = Debug|Any CPU
		{99007CC2-F462-4ABB-9720-A07F92137FF2}.Release|Any CPU.ActiveCfg = Release|Any CPU
		{99007CC2-F462-4ABB-9720-A07F92137FF2}.Release|Any CPU.Build.0 = Release|Any CPU
		{DC29D784-719B-4D2E-9E8C-9EEBEF3E7584}.Debug|Any CPU.ActiveCfg = Debug|Any CPU
		{DC29D784-719B-4D2E-9E8C-9EEBEF3E7584}.Debug|Any CPU.Build.0 = Debug|Any CPU
		{DC29D784-719B-4D2E-9E8C-9EEBEF3E7584}.Release|Any CPU.ActiveCfg = Release|Any CPU
		{DC29D784-719B-4D2E-9E8C-9EEBEF3E7584}.Release|Any CPU.Build.0 = Release|Any CPU
		{E6DE4CB5-ECBB-4194-858E-A1E586FE8C37}.Debug|Any CPU.ActiveCfg = Debug|Any CPU
		{E6DE4CB5-ECBB-4194-858E-A1E586FE8C37}.Debug|Any CPU.Build.0 = Debug|Any CPU
		{E6DE4CB5-ECBB-4194-858E-A1E586FE8C37}.Release|Any CPU.ActiveCfg = Release|Any CPU
		{E6DE4CB5-ECBB-4194-858E-A1E586FE8C37}.Release|Any CPU.Build.0 = Release|Any CPU
		{7CAEE469-4B51-4642-9B2D-42E1CDB99CA1}.Debug|Any CPU.ActiveCfg = Debug|Any CPU
		{7CAEE469-4B51-4642-9B2D-42E1CDB99CA1}.Debug|Any CPU.Build.0 = Debug|Any CPU
		{7CAEE469-4B51-4642-9B2D-42E1CDB99CA1}.Release|Any CPU.ActiveCfg = Release|Any CPU
		{7CAEE469-4B51-4642-9B2D-42E1CDB99CA1}.Release|Any CPU.Build.0 = Release|Any CPU
		{0F5C860D-15F2-4FE7-AF97-B98E7DDFB903}.Debug|Any CPU.ActiveCfg = Debug|Any CPU
		{0F5C860D-15F2-4FE7-AF97-B98E7DDFB903}.Debug|Any CPU.Build.0 = Debug|Any CPU
		{0F5C860D-15F2-4FE7-AF97-B98E7DDFB903}.Release|Any CPU.ActiveCfg = Release|Any CPU
		{0F5C860D-15F2-4FE7-AF97-B98E7DDFB903}.Release|Any CPU.Build.0 = Release|Any CPU
		{52E592A2-BD27-44C3-AA4C-8638CE24BFC4}.Debug|Any CPU.ActiveCfg = Debug|Any CPU
		{52E592A2-BD27-44C3-AA4C-8638CE24BFC4}.Debug|Any CPU.Build.0 = Debug|Any CPU
		{52E592A2-BD27-44C3-AA4C-8638CE24BFC4}.Release|Any CPU.ActiveCfg = Release|Any CPU
		{52E592A2-BD27-44C3-AA4C-8638CE24BFC4}.Release|Any CPU.Build.0 = Release|Any CPU
		{1EA55F01-28F6-4C02-ACFE-4687C2B792C4}.Debug|Any CPU.ActiveCfg = Debug|Any CPU
		{1EA55F01-28F6-4C02-ACFE-4687C2B792C4}.Debug|Any CPU.Build.0 = Debug|Any CPU
		{1EA55F01-28F6-4C02-ACFE-4687C2B792C4}.Release|Any CPU.ActiveCfg = Release|Any CPU
		{1EA55F01-28F6-4C02-ACFE-4687C2B792C4}.Release|Any CPU.Build.0 = Release|Any CPU
		{0F38DCA1-284B-4463-B8BA-765519BA3186}.Debug|Any CPU.ActiveCfg = Debug|Any CPU
		{0F38DCA1-284B-4463-B8BA-765519BA3186}.Debug|Any CPU.Build.0 = Debug|Any CPU
		{0F38DCA1-284B-4463-B8BA-765519BA3186}.Release|Any CPU.ActiveCfg = Release|Any CPU
		{0F38DCA1-284B-4463-B8BA-765519BA3186}.Release|Any CPU.Build.0 = Release|Any CPU
		{EE117409-025D-406C-A532-EC18C34431DD}.Debug|Any CPU.ActiveCfg = Debug|Any CPU
		{EE117409-025D-406C-A532-EC18C34431DD}.Debug|Any CPU.Build.0 = Debug|Any CPU
		{EE117409-025D-406C-A532-EC18C34431DD}.Release|Any CPU.ActiveCfg = Release|Any CPU
		{EE117409-025D-406C-A532-EC18C34431DD}.Release|Any CPU.Build.0 = Release|Any CPU
	EndGlobalSection
	GlobalSection(SolutionProperties) = preSolution
		HideSolutionNode = FALSE
	EndGlobalSection
	GlobalSection(NestedProjects) = preSolution
		{99007CC2-F462-4ABB-9720-A07F92137FF2} = {4E13A715-A751-416A-8CF0-A43E20BF1D5A}
		{DC29D784-719B-4D2E-9E8C-9EEBEF3E7584} = {7BD718C3-A0C1-47AB-8083-7410445D4471}
		{E6DE4CB5-ECBB-4194-858E-A1E586FE8C37} = {7BD718C3-A0C1-47AB-8083-7410445D4471}
		{7CAEE469-4B51-4642-9B2D-42E1CDB99CA1} = {CA8E50CE-601C-4A17-BB6F-FF311DD42E90}
		{0F5C860D-15F2-4FE7-AF97-B98E7DDFB903} = {CA8E50CE-601C-4A17-BB6F-FF311DD42E90}
		{52E592A2-BD27-44C3-AA4C-8638CE24BFC4} = {CA8E50CE-601C-4A17-BB6F-FF311DD42E90}
		{1EA55F01-28F6-4C02-ACFE-4687C2B792C4} = {0937D8B8-8242-438B-A473-BC135CE9B78D}
		{0F38DCA1-284B-4463-B8BA-765519BA3186} = {0937D8B8-8242-438B-A473-BC135CE9B78D}
		{EE117409-025D-406C-A532-EC18C34431DD} = {0937D8B8-8242-438B-A473-BC135CE9B78D}
	EndGlobalSection
EndGlobal
